// !$*UTF8*$!
{
	archiveVersion = 1;
	classes = {
	};
	objectVersion = 46;
	objects = {

/* Begin PBXBuildFile section */
		014A66011D5197D40055600B /* main.m in Sources */ = {isa = PBXBuildFile; fileRef = 014A66001D5197D40055600B /* main.m */; };
		014A66041D5197D40055600B /* AppDelegate.m in Sources */ = {isa = PBXBuildFile; fileRef = 014A66031D5197D40055600B /* AppDelegate.m */; };
		014A66071D5197D40055600B /* ViewController.m in Sources */ = {isa = PBXBuildFile; fileRef = 014A66061D5197D40055600B /* ViewController.m */; };
		014A660A1D5197D40055600B /* Main.storyboard in Resources */ = {isa = PBXBuildFile; fileRef = 014A66081D5197D40055600B /* Main.storyboard */; };
		014A660C1D5197D40055600B /* Assets.xcassets in Resources */ = {isa = PBXBuildFile; fileRef = 014A660B1D5197D40055600B /* Assets.xcassets */; };
		014A660F1D5197D40055600B /* LaunchScreen.storyboard in Resources */ = {isa = PBXBuildFile; fileRef = 014A660D1D5197D40055600B /* LaunchScreen.storyboard */; };
		014A661A1D5197D50055600B /* AXNavigationBackItemInjectionTests.m in Sources */ = {isa = PBXBuildFile; fileRef = 014A66191D5197D50055600B /* AXNavigationBackItemInjectionTests.m */; };
		014A66251D5197D50055600B /* AXNavigationBackItemInjectionUITests.m in Sources */ = {isa = PBXBuildFile; fileRef = 014A66241D5197D50055600B /* AXNavigationBackItemInjectionUITests.m */; };
		014A66341D5198840055600B /* AXPopNavigationController.m in Sources */ = {isa = PBXBuildFile; fileRef = 014A66331D5198840055600B /* AXPopNavigationController.m */; };
/* End PBXBuildFile section */

/* Begin PBXContainerItemProxy section */
		014A66161D5197D50055600B /* PBXContainerItemProxy */ = {
			isa = PBXContainerItemProxy;
			containerPortal = 014A65F41D5197D40055600B /* Project object */;
			proxyType = 1;
			remoteGlobalIDString = 014A65FB1D5197D40055600B;
			remoteInfo = AXNavigationBackItemInjection;
		};
		014A66211D5197D50055600B /* PBXContainerItemProxy */ = {
			isa = PBXContainerItemProxy;
			containerPortal = 014A65F41D5197D40055600B /* Project object */;
			proxyType = 1;
			remoteGlobalIDString = 014A65FB1D5197D40055600B;
			remoteInfo = AXNavigationBackItemInjection;
		};
/* End PBXContainerItemProxy section */

/* Begin PBXFileReference section */
		014A65FC1D5197D40055600B /* AXNavigationBackItemInjection.app */ = {isa = PBXFileReference; explicitFileType = wrapper.application; includeInIndex = 0; path = AXNavigationBackItemInjection.app; sourceTree = BUILT_PRODUCTS_DIR; };
		014A66001D5197D40055600B /* main.m */ = {isa = PBXFileReference; lastKnownFileType = sourcecode.c.objc; path = main.m; sourceTree = "<group>"; };
		014A66021D5197D40055600B /* AppDelegate.h */ = {isa = PBXFileReference; lastKnownFileType = sourcecode.c.h; path = AppDelegate.h; sourceTree = "<group>"; };
		014A66031D5197D40055600B /* AppDelegate.m */ = {isa = PBXFileReference; lastKnownFileType = sourcecode.c.objc; path = AppDelegate.m; sourceTree = "<group>"; };
		014A66051D5197D40055600B /* ViewController.h */ = {isa = PBXFileReference; lastKnownFileType = sourcecode.c.h; path = ViewController.h; sourceTree = "<group>"; };
		014A66061D5197D40055600B /* ViewController.m */ = {isa = PBXFileReference; lastKnownFileType = sourcecode.c.objc; path = ViewController.m; sourceTree = "<group>"; };
		014A66091D5197D40055600B /* Base */ = {isa = PBXFileReference; lastKnownFileType = file.storyboard; name = Base; path = Base.lproj/Main.storyboard; sourceTree = "<group>"; };
		014A660B1D5197D40055600B /* Assets.xcassets */ = {isa = PBXFileReference; lastKnownFileType = folder.assetcatalog; path = Assets.xcassets; sourceTree = "<group>"; };
		014A660E1D5197D40055600B /* Base */ = {isa = PBXFileReference; lastKnownFileType = file.storyboard; name = Base; path = Base.lproj/LaunchScreen.storyboard; sourceTree = "<group>"; };
		014A66101D5197D40055600B /* Info.plist */ = {isa = PBXFileReference; lastKnownFileType = text.plist.xml; path = Info.plist; sourceTree = "<group>"; };
		014A66151D5197D50055600B /* AXNavigationBackItemInjectionTests.xctest */ = {isa = PBXFileReference; explicitFileType = wrapper.cfbundle; includeInIndex = 0; path = AXNavigationBackItemInjectionTests.xctest; sourceTree = BUILT_PRODUCTS_DIR; };
		014A66191D5197D50055600B /* AXNavigationBackItemInjectionTests.m */ = {isa = PBXFileReference; lastKnownFileType = sourcecode.c.objc; path = AXNavigationBackItemInjectionTests.m; sourceTree = "<group>"; };
		014A661B1D5197D50055600B /* Info.plist */ = {isa = PBXFileReference; lastKnownFileType = text.plist.xml; path = Info.plist; sourceTree = "<group>"; };
		014A66201D5197D50055600B /* AXNavigationBackItemInjectionUITests.xctest */ = {isa = PBXFileReference; explicitFileType = wrapper.cfbundle; includeInIndex = 0; path = AXNavigationBackItemInjectionUITests.xctest; sourceTree = BUILT_PRODUCTS_DIR; };
		014A66241D5197D50055600B /* AXNavigationBackItemInjectionUITests.m */ = {isa = PBXFileReference; lastKnownFileType = sourcecode.c.objc; path = AXNavigationBackItemInjectionUITests.m; sourceTree = "<group>"; };
		014A66261D5197D50055600B /* Info.plist */ = {isa = PBXFileReference; lastKnownFileType = text.plist.xml; path = Info.plist; sourceTree = "<group>"; };
		014A66321D5198840055600B /* AXPopNavigationController.h */ = {isa = PBXFileReference; fileEncoding = 4; lastKnownFileType = sourcecode.c.h; name = AXPopNavigationController.h; path = AXNavigationBackItemInjection/AXPopNavigationController.h; sourceTree = "<group>"; };
		014A66331D5198840055600B /* AXPopNavigationController.m */ = {isa = PBXFileReference; fileEncoding = 4; lastKnownFileType = sourcecode.c.objc; name = AXPopNavigationController.m; path = AXNavigationBackItemInjection/AXPopNavigationController.m; sourceTree = "<group>"; };
/* End PBXFileReference section */

/* Begin PBXFrameworksBuildPhase section */
		014A65F91D5197D40055600B /* Frameworks */ = {
			isa = PBXFrameworksBuildPhase;
			buildActionMask = 2147483647;
			files = (
			);
			runOnlyForDeploymentPostprocessing = 0;
		};
		014A66121D5197D50055600B /* Frameworks */ = {
			isa = PBXFrameworksBuildPhase;
			buildActionMask = 2147483647;
			files = (
			);
			runOnlyForDeploymentPostprocessing = 0;
		};
		014A661D1D5197D50055600B /* Frameworks */ = {
			isa = PBXFrameworksBuildPhase;
			buildActionMask = 2147483647;
			files = (
			);
			runOnlyForDeploymentPostprocessing = 0;
		};
/* End PBXFrameworksBuildPhase section */

/* Begin PBXGroup section */
		014A65F31D5197D40055600B = {
			isa = PBXGroup;
			children = (
				014A65FE1D5197D40055600B /* AXNavigationBackItemInjection */,
				014A66181D5197D50055600B /* AXNavigationBackItemInjectionTests */,
				014A66231D5197D50055600B /* AXNavigationBackItemInjectionUITests */,
				014A65FD1D5197D40055600B /* Products */,
			);
			sourceTree = "<group>";
		};
		014A65FD1D5197D40055600B /* Products */ = {
			isa = PBXGroup;
			children = (
				014A65FC1D5197D40055600B /* AXNavigationBackItemInjection.app */,
				014A66151D5197D50055600B /* AXNavigationBackItemInjectionTests.xctest */,
				014A66201D5197D50055600B /* AXNavigationBackItemInjectionUITests.xctest */,
			);
			name = Products;
			sourceTree = "<group>";
		};
		014A65FE1D5197D40055600B /* AXNavigationBackItemInjection */ = {
			isa = PBXGroup;
			children = (
				014A66021D5197D40055600B /* AppDelegate.h */,
				014A66031D5197D40055600B /* AppDelegate.m */,
				014A66051D5197D40055600B /* ViewController.h */,
				014A66061D5197D40055600B /* ViewController.m */,
				014A66351D51988F0055600B /* AXNavigationBackItemInjection */,
				014A66081D5197D40055600B /* Main.storyboard */,
				014A660B1D5197D40055600B /* Assets.xcassets */,
				014A660D1D5197D40055600B /* LaunchScreen.storyboard */,
				014A66101D5197D40055600B /* Info.plist */,
				014A65FF1D5197D40055600B /* Supporting Files */,
			);
			path = AXNavigationBackItemInjection;
			sourceTree = "<group>";
		};
		014A65FF1D5197D40055600B /* Supporting Files */ = {
			isa = PBXGroup;
			children = (
				014A66001D5197D40055600B /* main.m */,
			);
			name = "Supporting Files";
			sourceTree = "<group>";
		};
		014A66181D5197D50055600B /* AXNavigationBackItemInjectionTests */ = {
			isa = PBXGroup;
			children = (
				014A66191D5197D50055600B /* AXNavigationBackItemInjectionTests.m */,
				014A661B1D5197D50055600B /* Info.plist */,
			);
			path = AXNavigationBackItemInjectionTests;
			sourceTree = "<group>";
		};
		014A66231D5197D50055600B /* AXNavigationBackItemInjectionUITests */ = {
			isa = PBXGroup;
			children = (
				014A66241D5197D50055600B /* AXNavigationBackItemInjectionUITests.m */,
				014A66261D5197D50055600B /* Info.plist */,
			);
			path = AXNavigationBackItemInjectionUITests;
			sourceTree = "<group>";
		};
		014A66351D51988F0055600B /* AXNavigationBackItemInjection */ = {
			isa = PBXGroup;
			children = (
				014A66321D5198840055600B /* AXPopNavigationController.h */,
				014A66331D5198840055600B /* AXPopNavigationController.m */,
			);
			name = AXNavigationBackItemInjection;
			sourceTree = "<group>";
		};
/* End PBXGroup section */

/* Begin PBXNativeTarget section */
		014A65FB1D5197D40055600B /* AXNavigationBackItemInjection */ = {
			isa = PBXNativeTarget;
			buildConfigurationList = 014A66291D5197D50055600B /* Build configuration list for PBXNativeTarget "AXNavigationBackItemInjection" */;
			buildPhases = (
				014A65F81D5197D40055600B /* Sources */,
				014A65F91D5197D40055600B /* Frameworks */,
				014A65FA1D5197D40055600B /* Resources */,
			);
			buildRules = (
			);
			dependencies = (
			);
			name = AXNavigationBackItemInjection;
			productName = AXNavigationBackItemInjection;
			productReference = 014A65FC1D5197D40055600B /* AXNavigationBackItemInjection.app */;
			productType = "com.apple.product-type.application";
		};
		014A66141D5197D50055600B /* AXNavigationBackItemInjectionTests */ = {
			isa = PBXNativeTarget;
			buildConfigurationList = 014A662C1D5197D50055600B /* Build configuration list for PBXNativeTarget "AXNavigationBackItemInjectionTests" */;
			buildPhases = (
				014A66111D5197D50055600B /* Sources */,
				014A66121D5197D50055600B /* Frameworks */,
				014A66131D5197D50055600B /* Resources */,
			);
			buildRules = (
			);
			dependencies = (
				014A66171D5197D50055600B /* PBXTargetDependency */,
			);
			name = AXNavigationBackItemInjectionTests;
			productName = AXNavigationBackItemInjectionTests;
			productReference = 014A66151D5197D50055600B /* AXNavigationBackItemInjectionTests.xctest */;
			productType = "com.apple.product-type.bundle.unit-test";
		};
		014A661F1D5197D50055600B /* AXNavigationBackItemInjectionUITests */ = {
			isa = PBXNativeTarget;
			buildConfigurationList = 014A662F1D5197D50055600B /* Build configuration list for PBXNativeTarget "AXNavigationBackItemInjectionUITests" */;
			buildPhases = (
				014A661C1D5197D50055600B /* Sources */,
				014A661D1D5197D50055600B /* Frameworks */,
				014A661E1D5197D50055600B /* Resources */,
			);
			buildRules = (
			);
			dependencies = (
				014A66221D5197D50055600B /* PBXTargetDependency */,
			);
			name = AXNavigationBackItemInjectionUITests;
			productName = AXNavigationBackItemInjectionUITests;
			productReference = 014A66201D5197D50055600B /* AXNavigationBackItemInjectionUITests.xctest */;
			productType = "com.apple.product-type.bundle.ui-testing";
		};
/* End PBXNativeTarget section */

/* Begin PBXProject section */
		014A65F41D5197D40055600B /* Project object */ = {
			isa = PBXProject;
			attributes = {
				LastUpgradeCheck = 0830;
				ORGANIZATIONNAME = devedbox;
				TargetAttributes = {
					014A65FB1D5197D40055600B = {
						CreatedOnToolsVersion = 7.3.1;
						DevelopmentTeam = TKA48YVS5T;
					};
					014A66141D5197D50055600B = {
						CreatedOnToolsVersion = 7.3.1;
						TestTargetID = 014A65FB1D5197D40055600B;
					};
					014A661F1D5197D50055600B = {
						CreatedOnToolsVersion = 7.3.1;
						TestTargetID = 014A65FB1D5197D40055600B;
					};
				};
			};
			buildConfigurationList = 014A65F71D5197D40055600B /* Build configuration list for PBXProject "AXNavigationBackItemInjection" */;
			compatibilityVersion = "Xcode 3.2";
			developmentRegion = English;
			hasScannedForEncodings = 0;
			knownRegions = (
				en,
				Base,
			);
			mainGroup = 014A65F31D5197D40055600B;
			productRefGroup = 014A65FD1D5197D40055600B /* Products */;
			projectDirPath = "";
			projectRoot = "";
			targets = (
				014A65FB1D5197D40055600B /* AXNavigationBackItemInjection */,
				014A66141D5197D50055600B /* AXNavigationBackItemInjectionTests */,
				014A661F1D5197D50055600B /* AXNavigationBackItemInjectionUITests */,
			);
		};
/* End PBXProject section */

/* Begin PBXResourcesBuildPhase section */
		014A65FA1D5197D40055600B /* Resources */ = {
			isa = PBXResourcesBuildPhase;
			buildActionMask = 2147483647;
			files = (
				014A660F1D5197D40055600B /* LaunchScreen.storyboard in Resources */,
				014A660C1D5197D40055600B /* Assets.xcassets in Resources */,
				014A660A1D5197D40055600B /* Main.storyboard in Resources */,
			);
			runOnlyForDeploymentPostprocessing = 0;
		};
		014A66131D5197D50055600B /* Resources */ = {
			isa = PBXResourcesBuildPhase;
			buildActionMask = 2147483647;
			files = (
			);
			runOnlyForDeploymentPostprocessing = 0;
		};
		014A661E1D5197D50055600B /* Resources */ = {
			isa = PBXResourcesBuildPhase;
			buildActionMask = 2147483647;
			files = (
			);
			runOnlyForDeploymentPostprocessing = 0;
		};
/* End PBXResourcesBuildPhase section */

/* Begin PBXSourcesBuildPhase section */
		014A65F81D5197D40055600B /* Sources */ = {
			isa = PBXSourcesBuildPhase;
			buildActionMask = 2147483647;
			files = (
				014A66071D5197D40055600B /* ViewController.m in Sources */,
				014A66341D5198840055600B /* AXPopNavigationController.m in Sources */,
				014A66041D5197D40055600B /* AppDelegate.m in Sources */,
				014A66011D5197D40055600B /* main.m in Sources */,
			);
			runOnlyForDeploymentPostprocessing = 0;
		};
		014A66111D5197D50055600B /* Sources */ = {
			isa = PBXSourcesBuildPhase;
			buildActionMask = 2147483647;
			files = (
				014A661A1D5197D50055600B /* AXNavigationBackItemInjectionTests.m in Sources */,
			);
			runOnlyForDeploymentPostprocessing = 0;
		};
		014A661C1D5197D50055600B /* Sources */ = {
			isa = PBXSourcesBuildPhase;
			buildActionMask = 2147483647;
			files = (
				014A66251D5197D50055600B /* AXNavigationBackItemInjectionUITests.m in Sources */,
			);
			runOnlyForDeploymentPostprocessing = 0;
		};
/* End PBXSourcesBuildPhase section */

/* Begin PBXTargetDependency section */
		014A66171D5197D50055600B /* PBXTargetDependency */ = {
			isa = PBXTargetDependency;
			target = 014A65FB1D5197D40055600B /* AXNavigationBackItemInjection */;
			targetProxy = 014A66161D5197D50055600B /* PBXContainerItemProxy */;
		};
		014A66221D5197D50055600B /* PBXTargetDependency */ = {
			isa = PBXTargetDependency;
			target = 014A65FB1D5197D40055600B /* AXNavigationBackItemInjection */;
			targetProxy = 014A66211D5197D50055600B /* PBXContainerItemProxy */;
		};
/* End PBXTargetDependency section */

/* Begin PBXVariantGroup section */
		014A66081D5197D40055600B /* Main.storyboard */ = {
			isa = PBXVariantGroup;
			children = (
				014A66091D5197D40055600B /* Base */,
			);
			name = Main.storyboard;
			sourceTree = "<group>";
		};
		014A660D1D5197D40055600B /* LaunchScreen.storyboard */ = {
			isa = PBXVariantGroup;
			children = (
				014A660E1D5197D40055600B /* Base */,
			);
			name = LaunchScreen.storyboard;
			sourceTree = "<group>";
		};
/* End PBXVariantGroup section */

/* Begin XCBuildConfiguration section */
		014A66271D5197D50055600B /* Debug */ = {
			isa = XCBuildConfiguration;
			buildSettings = {
				ALWAYS_SEARCH_USER_PATHS = NO;
				CLANG_ANALYZER_NONNULL = YES;
				CLANG_CXX_LANGUAGE_STANDARD = "gnu++0x";
				CLANG_CXX_LIBRARY = "libc++";
				CLANG_ENABLE_MODULES = YES;
				CLANG_ENABLE_OBJC_ARC = YES;
				CLANG_WARN_BOOL_CONVERSION = YES;
				CLANG_WARN_CONSTANT_CONVERSION = YES;
				CLANG_WARN_DIRECT_OBJC_ISA_USAGE = YES_ERROR;
				CLANG_WARN_EMPTY_BODY = YES;
				CLANG_WARN_ENUM_CONVERSION = YES;
				CLANG_WARN_INFINITE_RECURSION = YES;
				CLANG_WARN_INT_CONVERSION = YES;
				CLANG_WARN_OBJC_ROOT_CLASS = YES_ERROR;
				CLANG_WARN_SUSPICIOUS_MOVE = YES;
				CLANG_WARN_UNREACHABLE_CODE = YES;
				CLANG_WARN__DUPLICATE_METHOD_MATCH = YES;
				"CODE_SIGN_IDENTITY[sdk=iphoneos*]" = "iPhone Developer";
				COPY_PHASE_STRIP = NO;
				DEBUG_INFORMATION_FORMAT = dwarf;
				ENABLE_STRICT_OBJC_MSGSEND = YES;
				ENABLE_TESTABILITY = YES;
				GCC_C_LANGUAGE_STANDARD = gnu99;
				GCC_DYNAMIC_NO_PIC = NO;
				GCC_NO_COMMON_BLOCKS = YES;
				GCC_OPTIMIZATION_LEVEL = 0;
				GCC_PREPROCESSOR_DEFINITIONS = (
					"DEBUG=1",
					"$(inherited)",
				);
				GCC_WARN_64_TO_32_BIT_CONVERSION = YES;
				GCC_WARN_ABOUT_RETURN_TYPE = YES_ERROR;
				GCC_WARN_UNDECLARED_SELECTOR = YES;
				GCC_WARN_UNINITIALIZED_AUTOS = YES_AGGRESSIVE;
				GCC_WARN_UNUSED_FUNCTION = YES;
				GCC_WARN_UNUSED_VARIABLE = YES;
				IPHONEOS_DEPLOYMENT_TARGET = 9.3;
				MTL_ENABLE_DEBUG_INFO = YES;
				ONLY_ACTIVE_ARCH = YES;
				SDKROOT = iphoneos;
			};
			name = Debug;
		};
		014A66281D5197D50055600B /* Release */ = {
			isa = XCBuildConfiguration;
			buildSettings = {
				ALWAYS_SEARCH_USER_PATHS = NO;
				CLANG_ANALYZER_NONNULL = YES;
				CLANG_CXX_LANGUAGE_STANDARD = "gnu++0x";
				CLANG_CXX_LIBRARY = "libc++";
				CLANG_ENABLE_MODULES = YES;
				CLANG_ENABLE_OBJC_ARC = YES;
				CLANG_WARN_BOOL_CONVERSION = YES;
				CLANG_WARN_CONSTANT_CONVERSION = YES;
				CLANG_WARN_DIRECT_OBJC_ISA_USAGE = YES_ERROR;
				CLANG_WARN_EMPTY_BODY = YES;
				CLANG_WARN_ENUM_CONVERSION = YES;
				CLANG_WARN_INFINITE_RECURSION = YES;
				CLANG_WARN_INT_CONVERSION = YES;
				CLANG_WARN_OBJC_ROOT_CLASS = YES_ERROR;
				CLANG_WARN_SUSPICIOUS_MOVE = YES;
				CLANG_WARN_UNREACHABLE_CODE = YES;
				CLANG_WARN__DUPLICATE_METHOD_MATCH = YES;
				"CODE_SIGN_IDENTITY[sdk=iphoneos*]" = "iPhone Developer";
				COPY_PHASE_STRIP = NO;
				DEBUG_INFORMATION_FORMAT = "dwarf-with-dsym";
				ENABLE_NS_ASSERTIONS = NO;
				ENABLE_STRICT_OBJC_MSGSEND = YES;
				GCC_C_LANGUAGE_STANDARD = gnu99;
				GCC_NO_COMMON_BLOCKS = YES;
				GCC_WARN_64_TO_32_BIT_CONVERSION = YES;
				GCC_WARN_ABOUT_RETURN_TYPE = YES_ERROR;
				GCC_WARN_UNDECLARED_SELECTOR = YES;
				GCC_WARN_UNINITIALIZED_AUTOS = YES_AGGRESSIVE;
				GCC_WARN_UNUSED_FUNCTION = YES;
				GCC_WARN_UNUSED_VARIABLE = YES;
				IPHONEOS_DEPLOYMENT_TARGET = 9.3;
				MTL_ENABLE_DEBUG_INFO = NO;
				SDKROOT = iphoneos;
				VALIDATE_PRODUCT = YES;
			};
			name = Release;
		};
		014A662A1D5197D50055600B /* Debug */ = {
			isa = XCBuildConfiguration;
			buildSettings = {
				ASSETCATALOG_COMPILER_APPICON_NAME = AppIcon;
				DEVELOPMENT_TEAM = TKA48YVS5T;
				INFOPLIST_FILE = AXNavigationBackItemInjection/Info.plist;
				LD_RUNPATH_SEARCH_PATHS = "$(inherited) @executable_path/Frameworks";
				PRODUCT_BUNDLE_IDENTIFIER = devedbox.AXNavigationBackItemInjection;
				PRODUCT_NAME = "$(TARGET_NAME)";
			};
			name = Debug;
		};
		014A662B1D5197D50055600B /* Release */ = {
			isa = XCBuildConfiguration;
			buildSettings = {
				ASSETCATALOG_COMPILER_APPICON_NAME = AppIcon;
				DEVELOPMENT_TEAM = TKA48YVS5T;
				INFOPLIST_FILE = AXNavigationBackItemInjection/Info.plist;
				LD_RUNPATH_SEARCH_PATHS = "$(inherited) @executable_path/Frameworks";
				PRODUCT_BUNDLE_IDENTIFIER = devedbox.AXNavigationBackItemInjection;
				PRODUCT_NAME = "$(TARGET_NAME)";
			};
			name = Release;
		};
		014A662D1D5197D50055600B /* Debug */ = {
			isa = XCBuildConfiguration;
			buildSettings = {
				BUNDLE_LOADER = "$(TEST_HOST)";
				INFOPLIST_FILE = AXNavigationBackItemInjectionTests/Info.plist;
				LD_RUNPATH_SEARCH_PATHS = "$(inherited) @executable_path/Frameworks @loader_path/Frameworks";
				PRODUCT_BUNDLE_IDENTIFIER = devedbox.AXNavigationBackItemInjectionTests;
				PRODUCT_NAME = "$(TARGET_NAME)";
				TEST_HOST = "$(BUILT_PRODUCTS_DIR)/AXNavigationBackItemInjection.app/AXNavigationBackItemInjection";
			};
			name = Debug;
		};
		014A662E1D5197D50055600B /* Release */ = {
			isa = XCBuildConfiguration;
			buildSettings = {
				BUNDLE_LOADER = "$(TEST_HOST)";
				INFOPLIST_FILE = AXNavigationBackItemInjectionTests/Info.plist;
				LD_RUNPATH_SEARCH_PATHS = "$(inherited) @executable_path/Frameworks @loader_path/Frameworks";
				PRODUCT_BUNDLE_IDENTIFIER = devedbox.AXNavigationBackItemInjectionTests;
				PRODUCT_NAME = "$(TARGET_NAME)";
				TEST_HOST = "$(BUILT_PRODUCTS_DIR)/AXNavigationBackItemInjection.app/AXNavigationBackItemInjection";
			};
			name = Release;
		};
		014A66301D5197D50055600B /* Debug */ = {
			isa = XCBuildConfiguration;
			buildSettings = {
				INFOPLIST_FILE = AXNavigationBackItemInjectionUITests/Info.plist;
				LD_RUNPATH_SEARCH_PATHS = "$(inherited) @executable_path/Frameworks @loader_path/Frameworks";
				PRODUCT_BUNDLE_IDENTIFIER = devedbox.AXNavigationBackItemInjectionUITests;
				PRODUCT_NAME = "$(TARGET_NAME)";
				TEST_TARGET_NAME = AXNavigationBackItemInjection;
			};
			name = Debug;
		};
		014A66311D5197D50055600B /* Release */ = {
			isa = XCBuildConfiguration;
			buildSettings = {
				INFOPLIST_FILE = AXNavigationBackItemInjectionUITests/Info.plist;
				LD_RUNPATH_SEARCH_PATHS = "$(inherited) @executable_path/Frameworks @loader_path/Frameworks";
				PRODUCT_BUNDLE_IDENTIFIER = devedbox.AXNavigationBackItemInjectionUITests;
				PRODUCT_NAME = "$(TARGET_NAME)";
				TEST_TARGET_NAME = AXNavigationBackItemInjection;
			};
			name = Release;
		};
/* End XCBuildConfiguration section */

/* Begin XCConfigurationList section */
		014A65F71D5197D40055600B /* Build configuration list for PBXProject "AXNavigationBackItemInjection" */ = {
			isa = XCConfigurationList;
			buildConfigurations = (
				014A66271D5197D50055600B /* Debug */,
				014A66281D5197D50055600B /* Release */,
			);
			defaultConfigurationIsVisible = 0;
			defaultConfigurationName = Release;
		};
		014A66291D5197D50055600B /* Build configuration list for PBXNativeTarget "AXNavigationBackItemInjection" */ = {
			isa = XCConfigurationList;
			buildConfigurations = (
				014A662A1D5197D50055600B /* Debug */,
				014A662B1D5197D50055600B /* Release */,
			);
			defaultConfigurationIsVisible = 0;
			defaultConfigurationName = Release;
		};
		014A662C1D5197D50055600B /* Build configuration list for PBXNativeTarget "AXNavigationBackItemInjectionTests" */ = {
			isa = XCConfigurationList;
			buildConfigurations = (
				014A662D1D5197D50055600B /* Debug */,
				014A662E1D5197D50055600B /* Release */,
			);
			defaultConfigurationIsVisible = 0;
			defaultConfigurationName = Release;
		};
		014A662F1D5197D50055600B /* Build configuration list for PBXNativeTarget "AXNavigationBackItemInjectionUITests" */ = {
			isa = XCConfigurationList;
			buildConfigurations = (
				014A66301D5197D50055600B /* Debug */,
				014A66311D5197D50055600B /* Release */,
			);
			defaultConfigurationIsVisible = 0;
			defaultConfigurationName = Release;
		};
/* End XCConfigurationList section */
	};
	rootObject = 014A65F41D5197D40055600B /* Project object */;
}
